
Microsoft Visual Studio Solution File, Format Version 12.00
# Visual Studio Version 16
VisualStudioVersion = 16.0.30804.86
MinimumVisualStudioVersion = 15.0.26124.0
Project("{9A19103F-16F7-4668-BE54-9A1E7A4F7556}") = "MyRecipes", "Web\MyRecipes.csproj", "{5AD5186F-6348-47C4-AB1E-E27C10029340}"
EndProject
Global
	GlobalSection(SolutionConfigurationPlatforms) = preSolution
		Debug|Any CPU = Debug|Any CPU
		Debug|x64 = Debug|x64
		Debug|x86 = Debug|x86
		Release|Any CPU = Release|Any CPU
		Release|x64 = Release|x64
		Release|x86 = Release|x86
	EndGlobalSection
	GlobalSection(ProjectConfigurationPlatforms) = postSolution
		{5AD5186F-6348-47C4-AB1E-E27C10029340}.Debug|Any CPU.ActiveCfg = Debug|Any CPU
		{5AD5186F-6348-47C4-AB1E-E27C10029340}.Debug|Any CPU.Build.0 = Debug|Any CPU
		{5AD5186F-6348-47C4-AB1E-E27C10029340}.Debug|x64.ActiveCfg = Debug|Any CPU
		{5AD5186F-6348-47C4-AB1E-E27C10029340}.Debug|x64.Build.0 = Debug|Any CPU
		{5AD5186F-6348-47C4-AB1E-E27C10029340}.Debug|x86.ActiveCfg = Debug|Any CPU
		{5AD5186F-6348-47C4-AB1E-E27C10029340}.Debug|x86.Build.0 = Debug|Any CPU
		{5AD5186F-6348-47C4-AB1E-E27C10029340}.Release|Any CPU.ActiveCfg = Release|Any CPU
		{5AD5186F-6348-47C4-AB1E-E27C10029340}.Release|Any CPU.Build.0 = Release|Any CPU
		{5AD5186F-6348-47C4-AB1E-E27C10029340}.Release|x64.ActiveCfg = Release|Any CPU
		{5AD5186F-6348-47C4-AB1E-E27C10029340}.Release|x64.Build.0 = Release|Any CPU
		{5AD5186F-6348-47C4-AB1E-E27C10029340}.Release|x86.ActiveCfg = Release|Any CPU
		{5AD5186F-6348-47C4-AB1E-E27C10029340}.Release|x86.Build.0 = Release|Any CPU
	EndGlobalSection
	GlobalSection(SolutionProperties) = preSolution
		HideSolutionNode = FALSE
	EndGlobalSection
	GlobalSection(ExtensibilityGlobals) = postSolution
		SolutionGuid = {C195CFE3-741C-4D3A-A50E-C56D61068F28}
	EndGlobalSection
EndGlobal
